{
  "version": 4,
  "terraform_version": "1.5.7",
  "serial": 4,
  "lineage": "b14fcde6-5c30-45c9-842c-323d2b24cdcc",
  "outputs": {
    "cluster_external_endpoint": {
      "value": "https://51.250.73.173",
      "type": "string"
    }
  },
  "resources": [
    {
      "mode": "managed",
      "type": "yandex_kubernetes_cluster",
      "name": "devops_cluster",
      "provider": "provider[\"registry.terraform.io/yandex-cloud/yandex\"]",
      "instances": [
        {
          "schema_version": 0,
          "attributes": {
            "cluster_ipv4_range": "10.112.0.0/16",
            "cluster_ipv6_range": "",
            "created_at": "2025-10-15T10:33:23Z",
            "description": "Kubernetes cluster for DevOps project",
            "folder_id": "b1g366rl2mvbe8k26r5b",
            "health": "healthy",
            "id": "catjnouejtqh2t52gljg",
            "kms_provider": [],
            "labels": {},
            "log_group_id": "",
            "master": [
              {
                "cluster_ca_certificate": "-----BEGIN CERTIFICATE-----\nMIIC5zCCAc+gAwIBAgIBADANBgkqhkiG9w0BAQsFADAVMRMwEQYDVQQDEwprdWJl\ncm5ldGVzMB4XDTI1MTAxNTEwMzMyNVoXDTM1MTAxMzEwMzMyNVowFTETMBEGA1UE\nAxMKa3ViZXJuZXRlczCCASIwDQYJKoZIhvcNAQEBBQADggEPADCCAQoCggEBAO0H\nExcyF+OjmWq7kWrJfqcSK7atT51QoMkm9qGPuVv/pqLLYHXwr6ugiA74hY9mMC8i\nYIcGHePDdpjVnpcO7FM676UmU/hxVrDNoqhLxITYgEpZWDW1IxSr0ZISN4ih9m9a\n2k5q5jl/2jfp6mQRt3natPq8IYNwgKTKW4lUrxVhjuzZ/1FfCbdsFdq8pExwdrPk\n+3A94bh47jymsTFjKyzPGL0qUMy7/bEo7pLXZDOFdiMV1ekiIhrS7CwWnlb5JCz2\njEl4JJVNSyuongGkIBZtpV/4Kfpyo1CQNX/P8zfWr09XdlWPK71zHYnxiyze4Vq9\nu/5A5j13s0kj4tx9sP8CAwEAAaNCMEAwDgYDVR0PAQH/BAQDAgKkMA8GA1UdEwEB\n/wQFMAMBAf8wHQYDVR0OBBYEFIwHIyMXDCZj66t8TvK7hIpYtcnZMA0GCSqGSIb3\nDQEBCwUAA4IBAQDb8otu3r/VsCxlvz/G7Lt/6FBqVlqoBJQHAWW6G0v1uLuXcwvW\n3suhXBntOwRg+/i8IW9JEh4d/S3EmmpgYSDoJGN65GysVipuVLsbEEZ2quhnPf/k\nCKGWt7W3ESgp7hS7v0XFp5gGxs+00CnSgl2P44FOmSVD/8zLHuASVAdufUf6q2yY\nc2XlDK6YWrwFbuPvZsLvSlGyI1lPbtn4NS+LgW18TvbqKKRDqfZyNJQr2tjZ0Oli\nvGePC7NgEvwblVVGh9rQtwdr0BxEs4yEoKLbO6jp6yAoFFW5Pw9FoiX3StRVw0X2\nKpNhuHZqyaw7P1b2co+OxAgM6zjww4g0vhVg\n-----END CERTIFICATE-----\n",
                "etcd_cluster_size": 1,
                "external_v4_address": "51.250.73.173",
                "external_v4_endpoint": "https://51.250.73.173",
                "external_v6_address": "",
                "external_v6_endpoint": "",
                "internal_v4_address": "192.168.10.27",
                "internal_v4_endpoint": "https://192.168.10.27",
                "maintenance_policy": [
                  {
                    "auto_upgrade": true,
                    "maintenance_window": []
                  }
                ],
                "master_location": [
                  {
                    "subnet_id": "e9b3tv2o8ju89q3u8335",
                    "zone": "ru-central1-a"
                  }
                ],
                "master_logging": [],
                "public_ip": true,
                "regional": [],
                "scale_policy": [
                  {
                    "auto_scale": [
                      {
                        "min_resource_preset_id": "s-c2-m8"
                      }
                    ]
                  }
                ],
                "security_group_ids": null,
                "version": "1.30",
                "version_info": [
                  {
                    "current_version": "1.30",
                    "new_revision_available": false,
                    "new_revision_summary": "",
                    "version_deprecated": false
                  }
                ],
                "zonal": [
                  {
                    "subnet_id": "e9b3tv2o8ju89q3u8335",
                    "zone": "ru-central1-a"
                  }
                ]
              }
            ],
            "name": "devops-cluster",
            "network_id": "enpltiq1jv3q8uegb2v7",
            "network_implementation": [],
            "network_policy_provider": null,
            "node_ipv4_cidr_mask_size": 24,
            "node_service_account_id": "ajeqma33h59j1iqcnlu6",
            "release_channel": "REGULAR",
            "service_account_id": "ajeqma33h59j1iqcnlu6",
            "service_ipv4_range": "10.96.0.0/16",
            "service_ipv6_range": "",
            "status": "running",
            "timeouts": null,
            "workload_identity_federation": []
          },
          "sensitive_attributes": [],
          "private": "eyJlMmJmYjczMC1lY2FhLTExZTYtOGY4OC0zNDM2M2JjN2M0YzAiOnsiY3JlYXRlIjoxODAwMDAwMDAwMDAwLCJkZWxldGUiOjEyMDAwMDAwMDAwMDAsInJlYWQiOjMwMDAwMDAwMDAwMCwidXBkYXRlIjoxODAwMDAwMDAwMDAwfX0="
        }
      ]
    },
    {
      "mode": "managed",
      "type": "yandex_kubernetes_node_group",
      "name": "devops_nodes",
      "provider": "provider[\"registry.terraform.io/yandex-cloud/yandex\"]",
      "instances": [
        {
          "schema_version": 0,
          "attributes": {
            "allocation_policy": [
              {
                "location": [
                  {
                    "subnet_id": "e9b3tv2o8ju89q3u8335",
                    "zone": "ru-central1-a"
                  }
                ]
              }
            ],
            "allowed_unsafe_sysctls": null,
            "cluster_id": "catjnouejtqh2t52gljg",
            "created_at": "2025-10-15T10:41:07Z",
            "deploy_policy": [
              {
                "max_expansion": 3,
                "max_unavailable": 0
              }
            ],
            "description": "",
            "id": "cate29u22jlulk1d37gm",
            "instance_group_id": "cl1mqias8cr145qutljr",
            "instance_template": [
              {
                "boot_disk": [
                  {
                    "size": 64,
                    "type": "network-ssd"
                  }
                ],
                "container_network": [
                  {
                    "pod_mtu": 0
                  }
                ],
                "container_runtime": [],
                "gpu_settings": [],
                "labels": null,
                "metadata": {},
                "name": "",
                "nat": true,
                "network_acceleration_type": "type_unspecified",
                "network_interface": [
                  {
                    "ipv4": true,
                    "ipv4_dns_records": [],
                    "ipv6": false,
                    "ipv6_dns_records": [],
                    "nat": true,
                    "security_group_ids": null,
                    "subnet_ids": [
                      "e9b3tv2o8ju89q3u8335"
                    ]
                  }
                ],
                "placement_policy": [],
                "platform_id": "standard-v2",
                "resources": [
                  {
                    "core_fraction": 100,
                    "cores": 2,
                    "gpus": 0,
                    "memory": 4
                  }
                ],
                "scheduling_policy": [
                  {
                    "preemptible": false
                  }
                ]
              }
            ],
            "labels": {},
            "maintenance_policy": [
              {
                "auto_repair": true,
                "auto_upgrade": true,
                "maintenance_window": []
              }
            ],
            "name": "devops-nodes",
            "node_labels": null,
            "node_taints": null,
            "scale_policy": [
              {
                "auto_scale": [],
                "fixed_scale": [
                  {
                    "size": 2
                  }
                ]
              }
            ],
            "status": "running",
            "timeouts": null,
            "version": "1.30",
            "version_info": [
              {
                "current_version": "1.30",
                "new_revision_available": false,
                "new_revision_summary": "",
                "version_deprecated": false
              }
            ]
          },
          "sensitive_attributes": [],
          "private": "eyJlMmJmYjczMC1lY2FhLTExZTYtOGY4OC0zNDM2M2JjN2M0YzAiOnsiY3JlYXRlIjozNjAwMDAwMDAwMDAwLCJkZWxldGUiOjEyMDAwMDAwMDAwMDAsInJlYWQiOjYwMDAwMDAwMDAwMCwidXBkYXRlIjozNjAwMDAwMDAwMDAwfX0=",
          "dependencies": [
            "yandex_kubernetes_cluster.devops_cluster"
          ]
        }
      ]
    }
  ],
  "check_results": null
}
